
Microsoft Visual Studio Solution File, Format Version 12.00
# Visual Studio Version 17
VisualStudioVersion = 17.8.34330.188
MinimumVisualStudioVersion = 10.0.40219.1
Project("{9A19103F-16F7-4668-BE54-9A1E7A4F7556}") = "RealEstate", "RealEstate.csproj", "{B239D2D8-AB9E-46CE-BECD-A340125D3BE7}"
EndProject
Project("{9A19103F-16F7-4668-BE54-9A1E7A4F7556}") = "EntityLayer", "..\EntityLayer\EntityLayer.csproj", "{210EA35B-A7D8-4BF0-B3F9-6D70E64B85CB}"
EndProject
Project("{9A19103F-16F7-4668-BE54-9A1E7A4F7556}") = "DataAccessLayer", "..\DataAccesLayer\DataAccessLayer.csproj", "{FA0E1DE5-C9AC-46DA-9B38-D8D9791CCCF0}"
EndProject
Project("{9A19103F-16F7-4668-BE54-9A1E7A4F7556}") = "BusinessLayer", "..\BusinessLayer\BusinessLayer.csproj", "{7505520F-CBD2-41D8-B2DB-2CF8ED937E59}"
EndProject
Global
	GlobalSection(SolutionConfigurationPlatforms) = preSolution
		Debug|Any CPU = Debug|Any CPU
		Release|Any CPU = Release|Any CPU
	EndGlobalSection
	GlobalSection(ProjectConfigurationPlatforms) = postSolution
		{B239D2D8-AB9E-46CE-BECD-A340125D3BE7}.Debug|Any CPU.ActiveCfg = Debug|Any CPU
		{B239D2D8-AB9E-46CE-BECD-A340125D3BE7}.Debug|Any CPU.Build.0 = Debug|Any CPU
		{B239D2D8-AB9E-46CE-BECD-A340125D3BE7}.Release|Any CPU.ActiveCfg = Release|Any CPU
		{B239D2D8-AB9E-46CE-BECD-A340125D3BE7}.Release|Any CPU.Build.0 = Release|Any CPU
		{210EA35B-A7D8-4BF0-B3F9-6D70E64B85CB}.Debug|Any CPU.ActiveCfg = Debug|Any CPU
		{210EA35B-A7D8-4BF0-B3F9-6D70E64B85CB}.Debug|Any CPU.Build.0 = Debug|Any CPU
		{210EA35B-A7D8-4BF0-B3F9-6D70E64B85CB}.Release|Any CPU.ActiveCfg = Release|Any CPU
		{210EA35B-A7D8-4BF0-B3F9-6D70E64B85CB}.Release|Any CPU.Build.0 = Release|Any CPU
		{FA0E1DE5-C9AC-46DA-9B38-D8D9791CCCF0}.Debug|Any CPU.ActiveCfg = Debug|Any CPU
		{FA0E1DE5-C9AC-46DA-9B38-D8D9791CCCF0}.Debug|Any CPU.Build.0 = Debug|Any CPU
		{FA0E1DE5-C9AC-46DA-9B38-D8D9791CCCF0}.Release|Any CPU.ActiveCfg = Release|Any CPU
		{FA0E1DE5-C9AC-46DA-9B38-D8D9791CCCF0}.Release|Any CPU.Build.0 = Release|Any CPU
		{7505520F-CBD2-41D8-B2DB-2CF8ED937E59}.Debug|Any CPU.ActiveCfg = Debug|Any CPU
		{7505520F-CBD2-41D8-B2DB-2CF8ED937E59}.Debug|Any CPU.Build.0 = Debug|Any CPU
		{7505520F-CBD2-41D8-B2DB-2CF8ED937E59}.Release|Any CPU.ActiveCfg = Release|Any CPU
		{7505520F-CBD2-41D8-B2DB-2CF8ED937E59}.Release|Any CPU.Build.0 = Release|Any CPU
	EndGlobalSection
	GlobalSection(SolutionProperties) = preSolution
		HideSolutionNode = FALSE
	EndGlobalSection
	GlobalSection(ExtensibilityGlobals) = postSolution
		SolutionGuid = {30DEF2AA-8D27-4747-9852-0175F4555EF0}
	EndGlobalSection
EndGlobal
